// !$*UTF8*$!
{
	archiveVersion = 1;
	classes = {
	};
	objectVersion = 77;
	objects = {

/* Begin PBXContainerItemProxy section */
		8069F4BA2D45D8F500D11C47 /* PBXContainerItemProxy */ = {
			isa = PBXContainerItemProxy;
			containerPortal = 8069F4A12D45D8F300D11C47 /* Project object */;
			proxyType = 1;
			remoteGlobalIDString = 8069F4A82D45D8F300D11C47;
			remoteInfo = MusiQ;
		};
		8069F4C42D45D8F500D11C47 /* PBXContainerItemProxy */ = {
			isa = PBXContainerItemProxy;
			containerPortal = 8069F4A12D45D8F300D11C47 /* Project object */;
			proxyType = 1;
			remoteGlobalIDString = 8069F4A82D45D8F300D11C47;
			remoteInfo = MusiQ;
		};
/* End PBXContainerItemProxy section */

/* Begin PBXFileReference section */
		8069F4A92D45D8F300D11C47 /* MusiQ.app */ = {isa = PBXFileReference; explicitFileType = wrapper.application; includeInIndex = 0; path = MusiQ.app; sourceTree = BUILT_PRODUCTS_DIR; };
		8069F4B92D45D8F500D11C47 /* MusiQTests.xctest */ = {isa = PBXFileReference; explicitFileType = wrapper.cfbundle; includeInIndex = 0; path = MusiQTests.xctest; sourceTree = BUILT_PRODUCTS_DIR; };
		8069F4C32D45D8F500D11C47 /* MusiQUITests.xctest */ = {isa = PBXFileReference; explicitFileType = wrapper.cfbundle; includeInIndex = 0; path = MusiQUITests.xctest; sourceTree = BUILT_PRODUCTS_DIR; };
/* End PBXFileReference section */

/* Begin PBXFileSystemSynchronizedBuildFileExceptionSet section */
		807780C92D45DF5400500413 /* Exceptions for "MusiQ" folder in "MusiQ" target */ = {
			isa = PBXFileSystemSynchronizedBuildFileExceptionSet;
			membershipExceptions = (
				Info.plist,
			);
			target = 8069F4A82D45D8F300D11C47 /* MusiQ */;
		};
/* End PBXFileSystemSynchronizedBuildFileExceptionSet section */

/* Begin PBXFileSystemSynchronizedRootGroup section */
		8069F4AB2D45D8F300D11C47 /* MusiQ */ = {
			isa = PBXFileSystemSynchronizedRootGroup;
			exceptions = (
				807780C92D45DF5400500413 /* Exceptions for "MusiQ" folder in "MusiQ" target */,
			);
			path = MusiQ;
			sourceTree = "<group>";
		};
		8069F4BC2D45D8F500D11C47 /* MusiQTests */ = {
			isa = PBXFileSystemSynchronizedRootGroup;
			path = MusiQTests;
			sourceTree = "<group>";
		};
		8069F4C62D45D8F500D11C47 /* MusiQUITests */ = {
			isa = PBXFileSystemSynchronizedRootGroup;
			path = MusiQUITests;
			sourceTree = "<group>";
		};
/* End PBXFileSystemSynchronizedRootGroup section */

/* Begin PBXFrameworksBuildPhase section */
		8069F4A62D45D8F300D11C47 /* Frameworks */ = {
			isa = PBXFrameworksBuildPhase;
			buildActionMask = 2147483647;
			files = (
			);
			runOnlyForDeploymentPostprocessing = 0;
		};
		8069F4B62D45D8F500D11C47 /* Frameworks */ = {
			isa = PBXFrameworksBuildPhase;
			buildActionMask = 2147483647;
			files = (
			);
			runOnlyForDeploymentPostprocessing = 0;
		};
		8069F4C02D45D8F500D11C47 /* Frameworks */ = {
			isa = PBXFrameworksBuildPhase;
			buildActionMask = 2147483647;
			files = (
			);
			runOnlyForDeploymentPostprocessing = 0;
		};
/* End PBXFrameworksBuildPhase section */

/* Begin PBXGroup section */
		8069F4A02D45D8F300D11C47 = {
			isa = PBXGroup;
			children = (
				8069F4AB2D45D8F300D11C47 /* MusiQ */,
				8069F4BC2D45D8F500D11C47 /* MusiQTests */,
				8069F4C62D45D8F500D11C47 /* MusiQUITests */,
				8069F4AA2D45D8F300D11C47 /* Products */,
			);
			sourceTree = "<group>";
		};
		8069F4AA2D45D8F300D11C47 /* Products */ = {
			isa = PBXGroup;
			children = (
				8069F4A92D45D8F300D11C47 /* MusiQ.app */,
				8069F4B92D45D8F500D11C47 /* MusiQTests.xctest */,
				8069F4C32D45D8F500D11C47 /* MusiQUITests.xctest */,
			);
			name = Products;
			sourceTree = "<group>";
		};
/* End PBXGroup section */

/* Begin PBXNativeTarget section */
		8069F4A82D45D8F300D11C47 /* MusiQ */ = {
			isa = PBXNativeTarget;
			buildConfigurationList = 8069F4CD2D45D8F500D11C47 /* Build configuration list for PBXNativeTarget "MusiQ" */;
			buildPhases = (
				8069F4A52D45D8F300D11C47 /* Sources */,
				8069F4A62D45D8F300D11C47 /* Frameworks */,
				8069F4A72D45D8F300D11C47 /* Resources */,
			);
			buildRules = (
			);
			dependencies = (
			);
			fileSystemSynchronizedGroups = (
				8069F4AB2D45D8F300D11C47 /* MusiQ */,
			);
			name = MusiQ;
			packageProductDependencies = (
			);
			productName = MusiQ;
			productReference = 8069F4A92D45D8F300D11C47 /* MusiQ.app */;
			productType = "com.apple.product-type.application";
		};
		8069F4B82D45D8F500D11C47 /* MusiQTests */ = {
			isa = PBXNativeTarget;
			buildConfigurationList = 8069F4D02D45D8F500D11C47 /* Build configuration list for PBXNativeTarget "MusiQTests" */;
			buildPhases = (
				8069F4B52D45D8F500D11C47 /* Sources */,
				8069F4B62D45D8F500D11C47 /* Frameworks */,
				8069F4B72D45D8F500D11C47 /* Resources */,
			);
			buildRules = (
			);
			dependencies = (
				8069F4BB2D45D8F500D11C47 /* PBXTargetDependency */,
			);
			fileSystemSynchronizedGroups = (
				8069F4BC2D45D8F500D11C47 /* MusiQTests */,
			);
			name = MusiQTests;
			packageProductDependencies = (
			);
			productName = MusiQTests;
			productReference = 8069F4B92D45D8F500D11C47 /* MusiQTests.xctest */;
			productType = "com.apple.product-type.bundle.unit-test";
		};
		8069F4C22D45D8F500D11C47 /* MusiQUITests */ = {
			isa = PBXNativeTarget;
			buildConfigurationList = 8069F4D32D45D8F500D11C47 /* Build configuration list for PBXNativeTarget "MusiQUITests" */;
			buildPhases = (
				8069F4BF2D45D8F500D11C47 /* Sources */,
				8069F4C02D45D8F500D11C47 /* Frameworks */,
				8069F4C12D45D8F500D11C47 /* Resources */,
			);
			buildRules = (
			);
			dependencies = (
				8069F4C52D45D8F500D11C47 /* PBXTargetDependency */,
			);
			fileSystemSynchronizedGroups = (
				8069F4C62D45D8F500D11C47 /* MusiQUITests */,
			);
			name = MusiQUITests;
			packageProductDependencies = (
			);
			productName = MusiQUITests;
			productReference = 8069F4C32D45D8F500D11C47 /* MusiQUITests.xctest */;
			productType = "com.apple.product-type.bundle.ui-testing";
		};
/* End PBXNativeTarget section */

/* Begin PBXProject section */
		8069F4A12D45D8F300D11C47 /* Project object */ = {
			isa = PBXProject;
			attributes = {
				BuildIndependentTargetsInParallel = 1;
				LastSwiftUpdateCheck = 1620;
				LastUpgradeCheck = 1620;
				TargetAttributes = {
					8069F4A82D45D8F300D11C47 = {
						CreatedOnToolsVersion = 16.2;
					};
					8069F4B82D45D8F500D11C47 = {
						CreatedOnToolsVersion = 16.2;
						TestTargetID = 8069F4A82D45D8F300D11C47;
					};
					8069F4C22D45D8F500D11C47 = {
						CreatedOnToolsVersion = 16.2;
						TestTargetID = 8069F4A82D45D8F300D11C47;
					};
				};
			};
			buildConfigurationList = 8069F4A42D45D8F300D11C47 /* Build configuration list for PBXProject "MusiQ" */;
			developmentRegion = en;
			hasScannedForEncodings = 0;
			knownRegions = (
				en,
				Base,
			);
			mainGroup = 8069F4A02D45D8F300D11C47;
			minimizedProjectReferenceProxies = 1;
			preferredProjectObjectVersion = 77;
			productRefGroup = 8069F4AA2D45D8F300D11C47 /* Products */;
			projectDirPath = "";
			projectRoot = "";
			targets = (
				8069F4A82D45D8F300D11C47 /* MusiQ */,
				8069F4B82D45D8F500D11C47 /* MusiQTests */,
				8069F4C22D45D8F500D11C47 /* MusiQUITests */,
			);
		};
/* End PBXProject section */

/* Begin PBXResourcesBuildPhase section */
		8069F4A72D45D8F300D11C47 /* Resources */ = {
			isa = PBXResourcesBuildPhase;
			buildActionMask = 2147483647;
			files = (
			);
			runOnlyForDeploymentPostprocessing = 0;
		};
		8069F4B72D45D8F500D11C47 /* Resources */ = {
			isa = PBXResourcesBuildPhase;
			buildActionMask = 2147483647;
			files = (
			);
			runOnlyForDeploymentPostprocessing = 0;
		};
		8069F4C12D45D8F500D11C47 /* Resources */ = {
			isa = PBXResourcesBuildPhase;
			buildActionMask = 2147483647;
			files = (
			);
			runOnlyForDeploymentPostprocessing = 0;
		};
/* End PBXResourcesBuildPhase section */

/* Begin PBXSourcesBuildPhase section */
		8069F4A52D45D8F300D11C47 /* Sources */ = {
			isa = PBXSourcesBuildPhase;
			buildActionMask = 2147483647;
			files = (
			);
			runOnlyForDeploymentPostprocessing = 0;
		};
		8069F4B52D45D8F500D11C47 /* Sources */ = {
			isa = PBXSourcesBuildPhase;
			buildActionMask = 2147483647;
			files = (
			);
			runOnlyForDeploymentPostprocessing = 0;
		};
		8069F4BF2D45D8F500D11C47 /* Sources */ = {
			isa = PBXSourcesBuildPhase;
			buildActionMask = 2147483647;
			files = (
			);
			runOnlyForDeploymentPostprocessing = 0;
		};
/* End PBXSourcesBuildPhase section */

/* Begin PBXTargetDependency section */
		8069F4BB2D45D8F500D11C47 /* PBXTargetDependency */ = {
			isa = PBXTargetDependency;
			target = 8069F4A82D45D8F300D11C47 /* MusiQ */;
			targetProxy = 8069F4BA2D45D8F500D11C47 /* PBXContainerItemProxy */;
		};
		8069F4C52D45D8F500D11C47 /* PBXTargetDependency */ = {
			isa = PBXTargetDependency;
			target = 8069F4A82D45D8F300D11C47 /* MusiQ */;
			targetProxy = 8069F4C42D45D8F500D11C47 /* PBXContainerItemProxy */;
		};
/* End PBXTargetDependency section */

/* Begin XCBuildConfiguration section */
		8069F4CB2D45D8F500D11C47 /* Debug */ = {
			isa = XCBuildConfiguration;
			buildSettings = {
				ALWAYS_SEARCH_USER_PATHS = NO;
				ASSETCATALOG_COMPILER_GENERATE_SWIFT_ASSET_SYMBOL_EXTENSIONS = YES;
				CLANG_ANALYZER_NONNULL = YES;
				CLANG_ANALYZER_NUMBER_OBJECT_CONVERSION = YES_AGGRESSIVE;
				CLANG_CXX_LANGUAGE_STANDARD = "gnu++20";
				CLANG_ENABLE_MODULES = YES;
				CLANG_ENABLE_OBJC_ARC = YES;
				CLANG_ENABLE_OBJC_WEAK = YES;
				CLANG_WARN_BLOCK_CAPTURE_AUTORELEASING = YES;
				CLANG_WARN_BOOL_CONVERSION = YES;
				CLANG_WARN_COMMA = YES;
				CLANG_WARN_CONSTANT_CONVERSION = YES;
				CLANG_WARN_DEPRECATED_OBJC_IMPLEMENTATIONS = YES;
				CLANG_WARN_DIRECT_OBJC_ISA_USAGE = YES_ERROR;
				CLANG_WARN_DOCUMENTATION_COMMENTS = YES;
				CLANG_WARN_EMPTY_BODY = YES;
				CLANG_WARN_ENUM_CONVERSION = YES;
				CLANG_WARN_INFINITE_RECURSION = YES;
				CLANG_WARN_INT_CONVERSION = YES;
				CLANG_WARN_NON_LITERAL_NULL_CONVERSION = YES;
				CLANG_WARN_OBJC_IMPLICIT_RETAIN_SELF = YES;
				CLANG_WARN_OBJC_LITERAL_CONVERSION = YES;
				CLANG_WARN_OBJC_ROOT_CLASS = YES_ERROR;
				CLANG_WARN_QUOTED_INCLUDE_IN_FRAMEWORK_HEADER = YES;
				CLANG_WARN_RANGE_LOOP_ANALYSIS = YES;
				CLANG_WARN_STRICT_PROTOTYPES = YES;
				CLANG_WARN_SUSPICIOUS_MOVE = YES;
				CLANG_WARN_UNGUARDED_AVAILABILITY = YES_AGGRESSIVE;
				CLANG_WARN_UNREACHABLE_CODE = YES;
				CLANG_WARN__DUPLICATE_METHOD_MATCH = YES;
				COPY_PHASE_STRIP = NO;
				DEBUG_INFORMATION_FORMAT = dwarf;
				ENABLE_STRICT_OBJC_MSGSEND = YES;
				ENABLE_TESTABILITY = YES;
				ENABLE_USER_SCRIPT_SANDBOXING = YES;
				GCC_C_LANGUAGE_STANDARD = gnu17;
				GCC_DYNAMIC_NO_PIC = NO;
				GCC_NO_COMMON_BLOCKS = YES;
				GCC_OPTIMIZATION_LEVEL = 0;
				GCC_PREPROCESSOR_DEFINITIONS = (
					"DEBUG=1",
					"$(inherited)",
				);
				GCC_WARN_64_TO_32_BIT_CONVERSION = YES;
				GCC_WARN_ABOUT_RETURN_TYPE = YES_ERROR;
				GCC_WARN_UNDECLARED_SELECTOR = YES;
				GCC_WARN_UNINITIALIZED_AUTOS = YES_AGGRESSIVE;
				GCC_WARN_UNUSED_FUNCTION = YES;
				GCC_WARN_UNUSED_VARIABLE = YES;
				IPHONEOS_DEPLOYMENT_TARGET = 18.2;
				LOCALIZATION_PREFERS_STRING_CATALOGS = YES;
				MTL_ENABLE_DEBUG_INFO = INCLUDE_SOURCE;
				MTL_FAST_MATH = YES;
				ONLY_ACTIVE_ARCH = YES;
				SDKROOT = iphoneos;
				SWIFT_ACTIVE_COMPILATION_CONDITIONS = "DEBUG $(inherited)";
				SWIFT_OPTIMIZATION_LEVEL = "-Onone";
			};
			name = Debug;
		};
		8069F4CC2D45D8F500D11C47 /* Release */ = {
			isa = XCBuildConfiguration;
			buildSettings = {
				ALWAYS_SEARCH_USER_PATHS = NO;
				ASSETCATALOG_COMPILER_GENERATE_SWIFT_ASSET_SYMBOL_EXTENSIONS = YES;
				CLANG_ANALYZER_NONNULL = YES;
				CLANG_ANALYZER_NUMBER_OBJECT_CONVERSION = YES_AGGRESSIVE;
				CLANG_CXX_LANGUAGE_STANDARD = "gnu++20";
				CLANG_ENABLE_MODULES = YES;
				CLANG_ENABLE_OBJC_ARC = YES;
				CLANG_ENABLE_OBJC_WEAK = YES;
				CLANG_WARN_BLOCK_CAPTURE_AUTORELEASING = YES;
				CLANG_WARN_BOOL_CONVERSION = YES;
				CLANG_WARN_COMMA = YES;
				CLANG_WARN_CONSTANT_CONVERSION = YES;
				CLANG_WARN_DEPRECATED_OBJC_IMPLEMENTATIONS = YES;
				CLANG_WARN_DIRECT_OBJC_ISA_USAGE = YES_ERROR;
				CLANG_WARN_DOCUMENTATION_COMMENTS = YES;
				CLANG_WARN_EMPTY_BODY = YES;
				CLANG_WARN_ENUM_CONVERSION = YES;
				CLANG_WARN_INFINITE_RECURSION = YES;
				CLANG_WARN_INT_CONVERSION = YES;
				CLANG_WARN_NON_LITERAL_NULL_CONVERSION = YES;
				CLANG_WARN_OBJC_IMPLICIT_RETAIN_SELF = YES;
				CLANG_WARN_OBJC_LITERAL_CONVERSION = YES;
				CLANG_WARN_OBJC_ROOT_CLASS = YES_ERROR;
				CLANG_WARN_QUOTED_INCLUDE_IN_FRAMEWORK_HEADER = YES;
				CLANG_WARN_RANGE_LOOP_ANALYSIS = YES;
				CLANG_WARN_STRICT_PROTOTYPES = YES;
				CLANG_WARN_SUSPICIOUS_MOVE = YES;
				CLANG_WARN_UNGUARDED_AVAILABILITY = YES_AGGRESSIVE;
				CLANG_WARN_UNREACHABLE_CODE = YES;
				CLANG_WARN__DUPLICATE_METHOD_MATCH = YES;
				COPY_PHASE_STRIP = NO;
				DEBUG_INFORMATION_FORMAT = "dwarf-with-dsym";
				ENABLE_NS_ASSERTIONS = NO;
				ENABLE_STRICT_OBJC_MSGSEND = YES;
				ENABLE_USER_SCRIPT_SANDBOXING = YES;
				GCC_C_LANGUAGE_STANDARD = gnu17;
				GCC_NO_COMMON_BLOCKS = YES;
				GCC_WARN_64_TO_32_BIT_CONVERSION = YES;
				GCC_WARN_ABOUT_RETURN_TYPE = YES_ERROR;
				GCC_WARN_UNDECLARED_SELECTOR = YES;
				GCC_WARN_UNINITIALIZED_AUTOS = YES_AGGRESSIVE;
				GCC_WARN_UNUSED_FUNCTION = YES;
				GCC_WARN_UNUSED_VARIABLE = YES;
				IPHONEOS_DEPLOYMENT_TARGET = 18.2;
				LOCALIZATION_PREFERS_STRING_CATALOGS = YES;
				MTL_ENABLE_DEBUG_INFO = NO;
				MTL_FAST_MATH = YES;
				SDKROOT = iphoneos;
				SWIFT_COMPILATION_MODE = wholemodule;
				VALIDATE_PRODUCT = YES;
			};
			name = Release;
		};
		8069F4CE2D45D8F500D11C47 /* Debug */ = {
			isa = XCBuildConfiguration;
			buildSettings = {
				ASSETCATALOG_COMPILER_APPICON_NAME = AppIcon;
				ASSETCATALOG_COMPILER_GLOBAL_ACCENT_COLOR_NAME = AccentColor;
				CODE_SIGN_STYLE = Automatic;
				CURRENT_PROJECT_VERSION = 1;
				DEVELOPMENT_ASSET_PATHS = "\"MusiQ/Preview Content\"";
				DEVELOPMENT_TEAM = 34587JNE8E;
				ENABLE_PREVIEWS = YES;
				GENERATE_INFOPLIST_FILE = YES;
				INFOPLIST_FILE = MusiQ/Info.plist;
				INFOPLIST_KEY_NSAppleMusicUsageDescription = "MusiQ needs access";
				INFOPLIST_KEY_NSLocalNetworkUsageDescription = "MusiQ needs to use your local network to discover and connect with nearby devices for party sessions.";
				INFOPLIST_KEY_UIApplicationSceneManifest_Generation = YES;
				INFOPLIST_KEY_UIApplicationSupportsIndirectInputEvents = YES;
				INFOPLIST_KEY_UILaunchScreen_Generation = YES;
				INFOPLIST_KEY_UISupportedInterfaceOrientations_iPad = "UIInterfaceOrientationPortrait UIInterfaceOrientationPortraitUpsideDown UIInterfaceOrientationLandscapeLeft UIInterfaceOrientationLandscapeRight";
				INFOPLIST_KEY_UISupportedInterfaceOrientations_iPhone = "UIInterfaceOrientationPortrait UIInterfaceOrientationLandscapeLeft UIInterfaceOrientationLandscapeRight";
				LD_RUNPATH_SEARCH_PATHS = (
					"$(inherited)",
					"@executable_path/Frameworks",
				);
				MARKETING_VERSION = 1.0;
				PRODUCT_BUNDLE_IDENTIFIER = sriramph.MusiQ;
				PRODUCT_NAME = "$(TARGET_NAME)";
				SWIFT_EMIT_LOC_STRINGS = YES;
				SWIFT_VERSION = 5.0;
				TARGETED_DEVICE_FAMILY = "1,2";
			};
			name = Debug;
		};
		8069F4CF2D45D8F500D11C47 /* Release */ = {
			isa = XCBuildConfiguration;
			buildSettings = {
				ASSETCATALOG_COMPILER_APPICON_NAME = AppIcon;
				ASSETCATALOG_COMPILER_GLOBAL_ACCENT_COLOR_NAME = AccentColor;
				CODE_SIGN_STYLE = Automatic;
				CURRENT_PROJECT_VERSION = 1;
				DEVELOPMENT_ASSET_PATHS = "\"MusiQ/Preview Content\"";
				DEVELOPMENT_TEAM = 34587JNE8E;
				ENABLE_PREVIEWS = YES;
				GENERATE_INFOPLIST_FILE = YES;
				INFOPLIST_FILE = MusiQ/Info.plist;
				INFOPLIST_KEY_NSAppleMusicUsageDescription = "MusiQ needs access";
				INFOPLIST_KEY_NSLocalNetworkUsageDescription = "MusiQ needs to use your local network to discover and connect with nearby devices for party sessions.";
				INFOPLIST_KEY_UIApplicationSceneManifest_Generation = YES;
				INFOPLIST_KEY_UIApplicationSupportsIndirectInputEvents = YES;
				INFOPLIST_KEY_UILaunchScreen_Generation = YES;
				INFOPLIST_KEY_UISupportedInterfaceOrientations_iPad = "UIInterfaceOrientationPortrait UIInterfaceOrientationPortraitUpsideDown UIInterfaceOrientationLandscapeLeft UIInterfaceOrientationLandscapeRight";
				INFOPLIST_KEY_UISupportedInterfaceOrientations_iPhone = "UIInterfaceOrientationPortrait UIInterfaceOrientationLandscapeLeft UIInterfaceOrientationLandscapeRight";
				LD_RUNPATH_SEARCH_PATHS = (
					"$(inherited)",
					"@executable_path/Frameworks",
				);
				MARKETING_VERSION = 1.0;
				PRODUCT_BUNDLE_IDENTIFIER = sriramph.MusiQ;
				PRODUCT_NAME = "$(TARGET_NAME)";
				SWIFT_EMIT_LOC_STRINGS = YES;
				SWIFT_VERSION = 5.0;
				TARGETED_DEVICE_FAMILY = "1,2";
			};
			name = Release;
		};
		8069F4D12D45D8F500D11C47 /* Debug */ = {
			isa = XCBuildConfiguration;
			buildSettings = {
				BUNDLE_LOADER = "$(TEST_HOST)";
				CODE_SIGN_STYLE = Automatic;
				CURRENT_PROJECT_VERSION = 1;
				DEVELOPMENT_TEAM = 34587JNE8E;
				GENERATE_INFOPLIST_FILE = YES;
				IPHONEOS_DEPLOYMENT_TARGET = 18.2;
				MARKETING_VERSION = 1.0;
				PRODUCT_BUNDLE_IDENTIFIER = sriramph.MusiQTests;
				PRODUCT_NAME = "$(TARGET_NAME)";
				SWIFT_EMIT_LOC_STRINGS = NO;
				SWIFT_VERSION = 5.0;
				TARGETED_DEVICE_FAMILY = "1,2";
				TEST_HOST = "$(BUILT_PRODUCTS_DIR)/MusiQ.app/$(BUNDLE_EXECUTABLE_FOLDER_PATH)/MusiQ";
			};
			name = Debug;
		};
		8069F4D22D45D8F500D11C47 /* Release */ = {
			isa = XCBuildConfiguration;
			buildSettings = {
				BUNDLE_LOADER = "$(TEST_HOST)";
				CODE_SIGN_STYLE = Automatic;
				CURRENT_PROJECT_VERSION = 1;
				DEVELOPMENT_TEAM = 34587JNE8E;
				GENERATE_INFOPLIST_FILE = YES;
				IPHONEOS_DEPLOYMENT_TARGET = 18.2;
				MARKETING_VERSION = 1.0;
				PRODUCT_BUNDLE_IDENTIFIER = sriramph.MusiQTests;
				PRODUCT_NAME = "$(TARGET_NAME)";
				SWIFT_EMIT_LOC_STRINGS = NO;
				SWIFT_VERSION = 5.0;
				TARGETED_DEVICE_FAMILY = "1,2";
				TEST_HOST = "$(BUILT_PRODUCTS_DIR)/MusiQ.app/$(BUNDLE_EXECUTABLE_FOLDER_PATH)/MusiQ";
			};
			name = Release;
		};
		8069F4D42D45D8F500D11C47 /* Debug */ = {
			isa = XCBuildConfiguration;
			buildSettings = {
				CODE_SIGN_STYLE = Automatic;
				CURRENT_PROJECT_VERSION = 1;
				DEVELOPMENT_TEAM = 34587JNE8E;
				GENERATE_INFOPLIST_FILE = YES;
				MARKETING_VERSION = 1.0;
				PRODUCT_BUNDLE_IDENTIFIER = sriramph.MusiQUITests;
				PRODUCT_NAME = "$(TARGET_NAME)";
				SWIFT_EMIT_LOC_STRINGS = NO;
				SWIFT_VERSION = 5.0;
				TARGETED_DEVICE_FAMILY = "1,2";
				TEST_TARGET_NAME = MusiQ;
			};
			name = Debug;
		};
		8069F4D52D45D8F500D11C47 /* Release */ = {
			isa = XCBuildConfiguration;
			buildSettings = {
				CODE_SIGN_STYLE = Automatic;
				CURRENT_PROJECT_VERSION = 1;
				DEVELOPMENT_TEAM = 34587JNE8E;
				GENERATE_INFOPLIST_FILE = YES;
				MARKETING_VERSION = 1.0;
				PRODUCT_BUNDLE_IDENTIFIER = sriramph.MusiQUITests;
				PRODUCT_NAME = "$(TARGET_NAME)";
				SWIFT_EMIT_LOC_STRINGS = NO;
				SWIFT_VERSION = 5.0;
				TARGETED_DEVICE_FAMILY = "1,2";
				TEST_TARGET_NAME = MusiQ;
			};
			name = Release;
		};
/* End XCBuildConfiguration section */

/* Begin XCConfigurationList section */
		8069F4A42D45D8F300D11C47 /* Build configuration list for PBXProject "MusiQ" */ = {
			isa = XCConfigurationList;
			buildConfigurations = (
				8069F4CB2D45D8F500D11C47 /* Debug */,
				8069F4CC2D45D8F500D11C47 /* Release */,
			);
			defaultConfigurationIsVisible = 0;
			defaultConfigurationName = Release;
		};
		8069F4CD2D45D8F500D11C47 /* Build configuration list for PBXNativeTarget "MusiQ" */ = {
			isa = XCConfigurationList;
			buildConfigurations = (
				8069F4CE2D45D8F500D11C47 /* Debug */,
				8069F4CF2D45D8F500D11C47 /* Release */,
			);
			defaultConfigurationIsVisible = 0;
			defaultConfigurationName = Release;
		};
		8069F4D02D45D8F500D11C47 /* Build configuration list for PBXNativeTarget "MusiQTests" */ = {
			isa = XCConfigurationList;
			buildConfigurations = (
				8069F4D12D45D8F500D11C47 /* Debug */,
				8069F4D22D45D8F500D11C47 /* Release */,
			);
			defaultConfigurationIsVisible = 0;
			defaultConfigurationName = Release;
		};
		8069F4D32D45D8F500D11C47 /* Build configuration list for PBXNativeTarget "MusiQUITests" */ = {
			isa = XCConfigurationList;
			buildConfigurations = (
				8069F4D42D45D8F500D11C47 /* Debug */,
				8069F4D52D45D8F500D11C47 /* Release */,
			);
			defaultConfigurationIsVisible = 0;
			defaultConfigurationName = Release;
		};
/* End XCConfigurationList section */
	};
	rootObject = 8069F4A12D45D8F300D11C47 /* Project object */;
}
